# This file is generated by running "yarn install" inside your project.
# Manual changes might be lost - proceed with caution!

__metadata:
  version: 8
  cacheKey: 10c0

"accepts@npm:^1.3.5":
  version: 1.3.8
  resolution: "accepts@npm:1.3.8"
  dependencies:
    mime-types: "npm:~2.1.34"
    negotiator: "npm:0.6.3"
  checksum: 10c0/3a35c5f5586cfb9a21163ca47a5f77ac34fa8ceb5d17d2fa2c0d81f41cbd7f8c6fa52c77e2c039acc0f4d09e71abdc51144246900f6bef5e3c4b333f77d89362
  languageName: node
  linkType: hard

"cache-content-type@npm:^1.0.0":
  version: 1.0.1
  resolution: "cache-content-type@npm:1.0.1"
  dependencies:
    mime-types: "npm:^2.1.18"
    ylru: "npm:^1.2.0"
  checksum: 10c0/59b50e29e64a24bb52a16e5d35b69ad27ef14313701acc5e462b0aeebf2f09ff87fb6538eb0c0f0de4de05c8a1eecaef47f455f5b4928079e68f607f816a0843
  languageName: node
  linkType: hard

"co@npm:^4.6.0":
  version: 4.6.0
  resolution: "co@npm:4.6.0"
  checksum: 10c0/c0e85ea0ca8bf0a50cbdca82efc5af0301240ca88ebe3644a6ffb8ffe911f34d40f8fbcf8f1d52c5ddd66706abd4d3bfcd64259f1e8e2371d4f47573b0dc8c28
  languageName: node
  linkType: hard

"content-disposition@npm:~0.5.2":
  version: 0.5.4
  resolution: "content-disposition@npm:0.5.4"
  dependencies:
    safe-buffer: "npm:5.2.1"
  checksum: 10c0/bac0316ebfeacb8f381b38285dc691c9939bf0a78b0b7c2d5758acadad242d04783cee5337ba7d12a565a19075af1b3c11c728e1e4946de73c6ff7ce45f3f1bb
  languageName: node
  linkType: hard

"content-type@npm:^1.0.4":
  version: 1.0.5
  resolution: "content-type@npm:1.0.5"
  checksum: 10c0/b76ebed15c000aee4678c3707e0860cb6abd4e680a598c0a26e17f0bfae723ec9cc2802f0ff1bc6e4d80603719010431d2231018373d4dde10f9ccff9dadf5af
  languageName: node
  linkType: hard

"cookies@npm:~0.9.0":
  version: 0.9.1
  resolution: "cookies@npm:0.9.1"
  dependencies:
    depd: "npm:~2.0.0"
    keygrip: "npm:~1.1.0"
  checksum: 10c0/3ffa1c0e992b62ee119adae4dd2ddd4a89166fa5434cd9bd9ff84ec4d2f14dfe2318a601280abfe32a4f64f884ec9345fb1912e488b002d188d2efa0d3919ba3
  languageName: node
  linkType: hard

"debug@npm:^4.3.2":
  version: 4.3.6
  resolution: "debug@npm:4.3.6"
  dependencies:
    ms: "npm:2.1.2"
  peerDependenciesMeta:
    supports-color:
      optional: true
  checksum: 10c0/3293416bff072389c101697d4611c402a6bacd1900ac20c0492f61a9cdd6b3b29750fc7f5e299f8058469ef60ff8fb79b86395a30374fbd2490113c1c7112285
  languageName: node
  linkType: hard

"deep-equal@npm:~1.0.1":
  version: 1.0.1
  resolution: "deep-equal@npm:1.0.1"
  checksum: 10c0/bef838ef9824e124d10335deb9c7540bfc9f2f0eab17ad1bb870d0eee83ee4e7e6f6f892e5eebc2bd82759a76676926ad5246180097e28e57752176ff7dae888
  languageName: node
  linkType: hard

"delegates@npm:^1.0.0":
  version: 1.0.0
  resolution: "delegates@npm:1.0.0"
  checksum: 10c0/ba05874b91148e1db4bf254750c042bf2215febd23a6d3cda2e64896aef79745fbd4b9996488bd3cafb39ce19dbce0fd6e3b6665275638befffe1c9b312b91b5
  languageName: node
  linkType: hard

"depd@npm:^2.0.0, depd@npm:~2.0.0":
  version: 2.0.0
  resolution: "depd@npm:2.0.0"
  checksum: 10c0/58bd06ec20e19529b06f7ad07ddab60e504d9e0faca4bd23079fac2d279c3594334d736508dc350e06e510aba5e22e4594483b3a6562ce7c17dd797f4cc4ad2c
  languageName: node
  linkType: hard

"depd@npm:~1.1.2":
  version: 1.1.2
  resolution: "depd@npm:1.1.2"
  checksum: 10c0/acb24aaf936ef9a227b6be6d495f0d2eb20108a9a6ad40585c5bda1a897031512fef6484e4fdbb80bd249fdaa82841fa1039f416ece03188e677ba11bcfda249
  languageName: node
  linkType: hard

"destroy@npm:^1.0.4":
  version: 1.2.0
  resolution: "destroy@npm:1.2.0"
  checksum: 10c0/bd7633942f57418f5a3b80d5cb53898127bcf53e24cdf5d5f4396be471417671f0fee48a4ebe9a1e9defbde2a31280011af58a57e090ff822f589b443ed4e643
  languageName: node
  linkType: hard

"ee-first@npm:1.1.1":
  version: 1.1.1
  resolution: "ee-first@npm:1.1.1"
  checksum: 10c0/b5bb125ee93161bc16bfe6e56c6b04de5ad2aa44234d8f644813cc95d861a6910903132b05093706de2b706599367c4130eb6d170f6b46895686b95f87d017b7
  languageName: node
  linkType: hard

"encodeurl@npm:^1.0.2":
  version: 1.0.2
  resolution: "encodeurl@npm:1.0.2"
  checksum: 10c0/f6c2387379a9e7c1156c1c3d4f9cb7bb11cf16dd4c1682e1f6746512564b053df5781029b6061296832b59fb22f459dbe250386d217c2f6e203601abb2ee0bec
  languageName: node
  linkType: hard

"escape-html@npm:^1.0.3":
  version: 1.0.3
  resolution: "escape-html@npm:1.0.3"
  checksum: 10c0/524c739d776b36c3d29fa08a22e03e8824e3b2fd57500e5e44ecf3cc4707c34c60f9ca0781c0e33d191f2991161504c295e98f68c78fe7baa6e57081ec6ac0a3
  languageName: node
  linkType: hard

"fresh@npm:~0.5.2":
  version: 0.5.2
  resolution: "fresh@npm:0.5.2"
  checksum: 10c0/c6d27f3ed86cc5b601404822f31c900dd165ba63fff8152a3ef714e2012e7535027063bc67ded4cb5b3a49fa596495d46cacd9f47d6328459cf570f08b7d9e5a
  languageName: node
  linkType: hard

"has-symbols@npm:^1.0.3":
  version: 1.0.3
  resolution: "has-symbols@npm:1.0.3"
  checksum: 10c0/e6922b4345a3f37069cdfe8600febbca791c94988c01af3394d86ca3360b4b93928bbf395859158f88099cb10b19d98e3bbab7c9ff2c1bd09cf665ee90afa2c3
  languageName: node
  linkType: hard

"has-tostringtag@npm:^1.0.0":
  version: 1.0.2
  resolution: "has-tostringtag@npm:1.0.2"
  dependencies:
    has-symbols: "npm:^1.0.3"
  checksum: 10c0/a8b166462192bafe3d9b6e420a1d581d93dd867adb61be223a17a8d6dad147aa77a8be32c961bb2f27b3ef893cae8d36f564ab651f5e9b7938ae86f74027c48c
  languageName: node
  linkType: hard

"http-assert@npm:^1.3.0":
  version: 1.5.0
  resolution: "http-assert@npm:1.5.0"
  dependencies:
    deep-equal: "npm:~1.0.1"
    http-errors: "npm:~1.8.0"
  checksum: 10c0/7b4e631114a1a77654f9ba3feb96da305ddbdeb42112fe384b7b3249c7141e460d7177970155bea6e54e655a04850415b744b452c1fe5052eba6f4186d16b095
  languageName: node
  linkType: hard

"http-errors@npm:^1.6.3, http-errors@npm:~1.8.0":
  version: 1.8.1
  resolution: "http-errors@npm:1.8.1"
  dependencies:
    depd: "npm:~1.1.2"
    inherits: "npm:2.0.4"
    setprototypeof: "npm:1.2.0"
    statuses: "npm:>= 1.5.0 < 2"
    toidentifier: "npm:1.0.1"
  checksum: 10c0/f01aeecd76260a6fe7f08e192fcbe9b2f39ed20fc717b852669a69930167053b01790998275c6297d44f435cf0e30edd50c05223d1bec9bc484e6cf35b2d6f43
  languageName: node
  linkType: hard

"inherits@npm:2.0.4":
  version: 2.0.4
  resolution: "inherits@npm:2.0.4"
  checksum: 10c0/4e531f648b29039fb7426fb94075e6545faa1eb9fe83c29f0b6d9e7263aceb4289d2d4557db0d428188eeb449cc7c5e77b0a0b2c4e248ff2a65933a0dee49ef2
  languageName: node
  linkType: hard

"is-generator-function@npm:^1.0.7":
  version: 1.0.10
  resolution: "is-generator-function@npm:1.0.10"
  dependencies:
    has-tostringtag: "npm:^1.0.0"
  checksum: 10c0/df03514df01a6098945b5a0cfa1abff715807c8e72f57c49a0686ad54b3b74d394e2d8714e6f709a71eb00c9630d48e73ca1796c1ccc84ac95092c1fecc0d98b
  languageName: node
  linkType: hard

"keygrip@npm:~1.1.0":
  version: 1.1.0
  resolution: "keygrip@npm:1.1.0"
  dependencies:
    tsscmp: "npm:1.0.6"
  checksum: 10c0/2aceec1a1e642a0caf938044056ed67b1909cfe67a93a59b32aae2863e0f35a1a53782ecc8f9cd0e3bdb60863fa0f401ccbd257cd7dfae61915f78445139edea
  languageName: node
  linkType: hard

"koa-compose@npm:^4.1.0":
  version: 4.1.0
  resolution: "koa-compose@npm:4.1.0"
  checksum: 10c0/f1f786f994a691931148e7f38f443865bf2702af4a61610d1eea04dab79c04b1232285b59d82a0cf61c830516dd92f10ab0d009b024fcecd4098e7d296ab771a
  languageName: node
  linkType: hard

"koa-convert@npm:^2.0.0":
  version: 2.0.0
  resolution: "koa-convert@npm:2.0.0"
  dependencies:
    co: "npm:^4.6.0"
    koa-compose: "npm:^4.1.0"
  checksum: 10c0/d3e243ceccd11524d5f4942f6ccd828a9b18a1a967c4375192aa9eedf844f790563632839f006732ce8ca720275737c65a3bab344e13b25f41fb2be451ea102c
  languageName: node
  linkType: hard

"koa@npm:^2.15.3":
  version: 2.15.3
  resolution: "koa@npm:2.15.3"
  dependencies:
    accepts: "npm:^1.3.5"
    cache-content-type: "npm:^1.0.0"
    content-disposition: "npm:~0.5.2"
    content-type: "npm:^1.0.4"
    cookies: "npm:~0.9.0"
    debug: "npm:^4.3.2"
    delegates: "npm:^1.0.0"
    depd: "npm:^2.0.0"
    destroy: "npm:^1.0.4"
    encodeurl: "npm:^1.0.2"
    escape-html: "npm:^1.0.3"
    fresh: "npm:~0.5.2"
    http-assert: "npm:^1.3.0"
    http-errors: "npm:^1.6.3"
    is-generator-function: "npm:^1.0.7"
    koa-compose: "npm:^4.1.0"
    koa-convert: "npm:^2.0.0"
    on-finished: "npm:^2.3.0"
    only: "npm:~0.0.2"
    parseurl: "npm:^1.3.2"
    statuses: "npm:^1.5.0"
    type-is: "npm:^1.6.16"
    vary: "npm:^1.1.2"
  checksum: 10c0/1dca5027e06855dfc4144093fc678c445b5718c3a61b3b7840e3def999f3efcd0359665fb30d3f427890dfee12ebb1e7d01e210d2122a17240d2f3ceae12b2f2
  languageName: node
  linkType: hard

"media-typer@npm:0.3.0":
  version: 0.3.0
  resolution: "media-typer@npm:0.3.0"
  checksum: 10c0/d160f31246907e79fed398470285f21bafb45a62869dc469b1c8877f3f064f5eabc4bcc122f9479b8b605bc5c76187d7871cf84c4ee3ecd3e487da1993279928
  languageName: node
  linkType: hard

"mime-db@npm:1.52.0":
  version: 1.52.0
  resolution: "mime-db@npm:1.52.0"
  checksum: 10c0/0557a01deebf45ac5f5777fe7740b2a5c309c6d62d40ceab4e23da9f821899ce7a900b7ac8157d4548ddbb7beffe9abc621250e6d182b0397ec7f10c7b91a5aa
  languageName: node
  linkType: hard

"mime-types@npm:^2.1.18, mime-types@npm:~2.1.24, mime-types@npm:~2.1.34":
  version: 2.1.35
  resolution: "mime-types@npm:2.1.35"
  dependencies:
    mime-db: "npm:1.52.0"
  checksum: 10c0/82fb07ec56d8ff1fc999a84f2f217aa46cb6ed1033fefaabd5785b9a974ed225c90dc72fff460259e66b95b73648596dbcc50d51ed69cdf464af2d237d3149b2
  languageName: node
  linkType: hard

"ms@npm:2.1.2":
  version: 2.1.2
  resolution: "ms@npm:2.1.2"
  checksum: 10c0/a437714e2f90dbf881b5191d35a6db792efbca5badf112f87b9e1c712aace4b4b9b742dd6537f3edf90fd6f684de897cec230abde57e87883766712ddda297cc
  languageName: node
  linkType: hard

"negotiator@npm:0.6.3":
  version: 0.6.3
  resolution: "negotiator@npm:0.6.3"
  checksum: 10c0/3ec9fd413e7bf071c937ae60d572bc67155262068ed522cf4b3be5edbe6ddf67d095ec03a3a14ebf8fc8e95f8e1d61be4869db0dbb0de696f6b837358bd43fc2
  languageName: node
  linkType: hard

"on-finished@npm:^2.3.0":
  version: 2.4.1
  resolution: "on-finished@npm:2.4.1"
  dependencies:
    ee-first: "npm:1.1.1"
  checksum: 10c0/46fb11b9063782f2d9968863d9cbba33d77aa13c17f895f56129c274318b86500b22af3a160fe9995aa41317efcd22941b6eba747f718ced08d9a73afdb087b4
  languageName: node
  linkType: hard

"only@npm:~0.0.2":
  version: 0.0.2
  resolution: "only@npm:0.0.2"
  checksum: 10c0/d26b1347835a5a9b17afbd889ed60de3d3ae14cdeca5ba008d86e6bf055466a431adc731b82e1e8ab24a3b8be5b5c2cdbc16e652d231d18cc1a5752320aaf0a0
  languageName: node
  linkType: hard

"parseurl@npm:^1.3.2":
  version: 1.3.3
  resolution: "parseurl@npm:1.3.3"
  checksum: 10c0/90dd4760d6f6174adb9f20cf0965ae12e23879b5f5464f38e92fce8073354341e4b3b76fa3d878351efe7d01e617121955284cfd002ab087fba1a0726ec0b4f5
  languageName: node
  linkType: hard

"safe-buffer@npm:5.2.1":
  version: 5.2.1
  resolution: "safe-buffer@npm:5.2.1"
  checksum: 10c0/6501914237c0a86e9675d4e51d89ca3c21ffd6a31642efeba25ad65720bce6921c9e7e974e5be91a786b25aa058b5303285d3c15dbabf983a919f5f630d349f3
  languageName: node
  linkType: hard

"setprototypeof@npm:1.2.0":
  version: 1.2.0
  resolution: "setprototypeof@npm:1.2.0"
  checksum: 10c0/68733173026766fa0d9ecaeb07f0483f4c2dc70ca376b3b7c40b7cda909f94b0918f6c5ad5ce27a9160bdfb475efaa9d5e705a11d8eaae18f9835d20976028bc
  languageName: node
  linkType: hard

"statuses@npm:>= 1.5.0 < 2, statuses@npm:^1.5.0":
  version: 1.5.0
  resolution: "statuses@npm:1.5.0"
  checksum: 10c0/e433900956357b3efd79b1c547da4d291799ac836960c016d10a98f6a810b1b5c0dcc13b5a7aa609a58239b5190e1ea176ad9221c2157d2fd1c747393e6b2940
  languageName: node
  linkType: hard

"toidentifier@npm:1.0.1":
  version: 1.0.1
  resolution: "toidentifier@npm:1.0.1"
  checksum: 10c0/93937279934bd66cc3270016dd8d0afec14fb7c94a05c72dc57321f8bd1fa97e5bea6d1f7c89e728d077ca31ea125b78320a616a6c6cd0e6b9cb94cb864381c1
  languageName: node
  linkType: hard

"tsscmp@npm:1.0.6":
  version: 1.0.6
  resolution: "tsscmp@npm:1.0.6"
  checksum: 10c0/2f79a9455e7e3e8071995f98cdf3487ccfc91b760bec21a9abb4d90519557eafaa37246e87c92fa8bf3fef8fd30cfd0cc3c4212bb929baa9fb62494bfa4d24b2
  languageName: node
  linkType: hard

"type-is@npm:^1.6.16":
  version: 1.6.18
  resolution: "type-is@npm:1.6.18"
  dependencies:
    media-typer: "npm:0.3.0"
    mime-types: "npm:~2.1.24"
  checksum: 10c0/a23daeb538591b7efbd61ecf06b6feb2501b683ffdc9a19c74ef5baba362b4347e42f1b4ed81f5882a8c96a3bfff7f93ce3ffaf0cbbc879b532b04c97a55db9d
  languageName: node
  linkType: hard

"vary@npm:^1.1.2":
  version: 1.1.2
  resolution: "vary@npm:1.1.2"
  checksum: 10c0/f15d588d79f3675135ba783c91a4083dcd290a2a5be9fcb6514220a1634e23df116847b1cc51f66bfb0644cf9353b2abb7815ae499bab06e46dd33c1a6bf1f4f
  languageName: node
  linkType: hard

"webservices-budget-2425@workspace:.":
  version: 0.0.0-use.local
  resolution: "webservices-budget-2425@workspace:."
  dependencies:
    koa: "npm:^2.15.3"
  languageName: unknown
  linkType: soft

"ylru@npm:^1.2.0":
  version: 1.4.0
  resolution: "ylru@npm:1.4.0"
  checksum: 10c0/eaadc38ed6d78d4fda49abed45cfdaf149bd334df761dbeadd3cff62936d25ffa94571f84c25b64a9a4b5efd8f489ee6fee3eaaf8e7b2886418a3bcb9ec84b84
  languageName: node
  linkType: hard
